// !$*UTF8*$!
{
	archiveVersion = 1;
	classes = {
	};
	objectVersion = 50;
	objects = {

/* Begin PBXBuildFile section */
		7C35886521E207FD00C08F0D /* JSONDownloader.swift in Sources */ = {isa = PBXBuildFile; fileRef = 7C35886421E207FD00C08F0D /* JSONDownloader.swift */; };
		7C35886721E23EEC00C08F0D /* SpaceCampError.swift in Sources */ = {isa = PBXBuildFile; fileRef = 7C35886621E23EEC00C08F0D /* SpaceCampError.swift */; };
		7C35C75321E4B6C8009663EB /* JSONStructures.swift in Sources */ = {isa = PBXBuildFile; fileRef = 7C35C75221E4B6C8009663EB /* JSONStructures.swift */; };
		7C35C75521E4DD4C009663EB /* Assets.xcassets in Resources */ = {isa = PBXBuildFile; fileRef = 7C35C75421E4DD4C009663EB /* Assets.xcassets */; };
		7C35C75721E4E10C009663EB /* StaticImages.swift in Sources */ = {isa = PBXBuildFile; fileRef = 7C35C75621E4E10C009663EB /* StaticImages.swift */; };
		7C35D1CB21E352B20093D13A /* NasaAPIClient.swift in Sources */ = {isa = PBXBuildFile; fileRef = 7C35D1CA21E352B20093D13A /* NasaAPIClient.swift */; };
		7C35D1CD21E36F0C0093D13A /* JSONParser.swift in Sources */ = {isa = PBXBuildFile; fileRef = 7C35D1CC21E36F0C0093D13A /* JSONParser.swift */; };
		7C35D1CF21E3CF490093D13A /* MarsRoverController.swift in Sources */ = {isa = PBXBuildFile; fileRef = 7C35D1CE21E3CF490093D13A /* MarsRoverController.swift */; };
		7C36B32621E6373E0060CD79 /* ManifestController.swift in Sources */ = {isa = PBXBuildFile; fileRef = 7C36B32521E6373E0060CD79 /* ManifestController.swift */; };
		7C36B32821E661460060CD79 /* StaticProperties.swift in Sources */ = {isa = PBXBuildFile; fileRef = 7C36B32721E661460060CD79 /* StaticProperties.swift */; };
		7C3727FB21E9E39B00482BC4 /* PhotoSeparator.swift in Sources */ = {isa = PBXBuildFile; fileRef = 7C3727FA21E9E39B00482BC4 /* PhotoSeparator.swift */; };
		7C386B2621ECB100007B6D84 /* Extensions.swift in Sources */ = {isa = PBXBuildFile; fileRef = 7C386B2521ECB100007B6D84 /* Extensions.swift */; };
		7C386B2E21ECF160007B6D84 /* PhotoCell.swift in Sources */ = {isa = PBXBuildFile; fileRef = 7C386B2D21ECF160007B6D84 /* PhotoCell.swift */; };
		7C5AE49421DF59DE00D3B650 /* AppDelegate.swift in Sources */ = {isa = PBXBuildFile; fileRef = 7C5AE49321DF59DE00D3B650 /* AppDelegate.swift */; };
		7C5AE49621DF59DE00D3B650 /* MainViewController.swift in Sources */ = {isa = PBXBuildFile; fileRef = 7C5AE49521DF59DE00D3B650 /* MainViewController.swift */; };
		7C5AE49921DF59DE00D3B650 /* Main.storyboard in Resources */ = {isa = PBXBuildFile; fileRef = 7C5AE49721DF59DE00D3B650 /* Main.storyboard */; };
		7C5AE49E21DF59DF00D3B650 /* LaunchScreen.storyboard in Resources */ = {isa = PBXBuildFile; fileRef = 7C5AE49C21DF59DF00D3B650 /* LaunchScreen.storyboard */; };
		7C5AE4A621DF774B00D3B650 /* ApodController.swift in Sources */ = {isa = PBXBuildFile; fileRef = 7C5AE4A521DF774B00D3B650 /* ApodController.swift */; };
		7C5B1AF321EE601700FA95D8 /* PhotoPageController.swift in Sources */ = {isa = PBXBuildFile; fileRef = 7C5B1AF221EE601700FA95D8 /* PhotoPageController.swift */; };
		7C5B1AF521EE617000FA95D8 /* PhotoViewerController.swift in Sources */ = {isa = PBXBuildFile; fileRef = 7C5B1AF421EE617000FA95D8 /* PhotoViewerController.swift */; };
		7C637F4721E87C890011AB87 /* PhotoExplorerController.swift in Sources */ = {isa = PBXBuildFile; fileRef = 7C637F4621E87C890011AB87 /* PhotoExplorerController.swift */; };
/* End PBXBuildFile section */

/* Begin PBXFileReference section */
		7C35886421E207FD00C08F0D /* JSONDownloader.swift */ = {isa = PBXFileReference; lastKnownFileType = sourcecode.swift; path = JSONDownloader.swift; sourceTree = "<group>"; };
		7C35886621E23EEC00C08F0D /* SpaceCampError.swift */ = {isa = PBXFileReference; lastKnownFileType = sourcecode.swift; path = SpaceCampError.swift; sourceTree = "<group>"; };
		7C35C75221E4B6C8009663EB /* JSONStructures.swift */ = {isa = PBXFileReference; lastKnownFileType = sourcecode.swift; path = JSONStructures.swift; sourceTree = "<group>"; };
		7C35C75421E4DD4C009663EB /* Assets.xcassets */ = {isa = PBXFileReference; lastKnownFileType = folder.assetcatalog; path = Assets.xcassets; sourceTree = "<group>"; };
		7C35C75621E4E10C009663EB /* StaticImages.swift */ = {isa = PBXFileReference; lastKnownFileType = sourcecode.swift; path = StaticImages.swift; sourceTree = "<group>"; };
		7C35D1CA21E352B20093D13A /* NasaAPIClient.swift */ = {isa = PBXFileReference; lastKnownFileType = sourcecode.swift; path = NasaAPIClient.swift; sourceTree = "<group>"; };
		7C35D1CC21E36F0C0093D13A /* JSONParser.swift */ = {isa = PBXFileReference; lastKnownFileType = sourcecode.swift; path = JSONParser.swift; sourceTree = "<group>"; };
		7C35D1CE21E3CF490093D13A /* MarsRoverController.swift */ = {isa = PBXFileReference; lastKnownFileType = sourcecode.swift; path = MarsRoverController.swift; sourceTree = "<group>"; };
		7C36B32521E6373E0060CD79 /* ManifestController.swift */ = {isa = PBXFileReference; lastKnownFileType = sourcecode.swift; path = ManifestController.swift; sourceTree = "<group>"; };
		7C36B32721E661460060CD79 /* StaticProperties.swift */ = {isa = PBXFileReference; lastKnownFileType = sourcecode.swift; path = StaticProperties.swift; sourceTree = "<group>"; };
		7C3727FA21E9E39B00482BC4 /* PhotoSeparator.swift */ = {isa = PBXFileReference; lastKnownFileType = sourcecode.swift; path = PhotoSeparator.swift; sourceTree = "<group>"; };
		7C386B2521ECB100007B6D84 /* Extensions.swift */ = {isa = PBXFileReference; lastKnownFileType = sourcecode.swift; path = Extensions.swift; sourceTree = "<group>"; };
		7C386B2D21ECF160007B6D84 /* PhotoCell.swift */ = {isa = PBXFileReference; lastKnownFileType = sourcecode.swift; path = PhotoCell.swift; sourceTree = "<group>"; };
		7C5AE49021DF59DE00D3B650 /* SpaceCamp.app */ = {isa = PBXFileReference; explicitFileType = wrapper.application; includeInIndex = 0; path = SpaceCamp.app; sourceTree = BUILT_PRODUCTS_DIR; };
		7C5AE49321DF59DE00D3B650 /* AppDelegate.swift */ = {isa = PBXFileReference; lastKnownFileType = sourcecode.swift; path = AppDelegate.swift; sourceTree = "<group>"; };
		7C5AE49521DF59DE00D3B650 /* MainViewController.swift */ = {isa = PBXFileReference; lastKnownFileType = sourcecode.swift; path = MainViewController.swift; sourceTree = "<group>"; };
		7C5AE49821DF59DE00D3B650 /* Base */ = {isa = PBXFileReference; lastKnownFileType = file.storyboard; name = Base; path = Base.lproj/Main.storyboard; sourceTree = "<group>"; };
		7C5AE49D21DF59DF00D3B650 /* Base */ = {isa = PBXFileReference; lastKnownFileType = file.storyboard; name = Base; path = Base.lproj/LaunchScreen.storyboard; sourceTree = "<group>"; };
		7C5AE49F21DF59DF00D3B650 /* Info.plist */ = {isa = PBXFileReference; lastKnownFileType = text.plist.xml; path = Info.plist; sourceTree = "<group>"; };
		7C5AE4A521DF774B00D3B650 /* ApodController.swift */ = {isa = PBXFileReference; lastKnownFileType = sourcecode.swift; path = ApodController.swift; sourceTree = "<group>"; };
		7C5B1AF221EE601700FA95D8 /* PhotoPageController.swift */ = {isa = PBXFileReference; lastKnownFileType = sourcecode.swift; path = PhotoPageController.swift; sourceTree = "<group>"; };
		7C5B1AF421EE617000FA95D8 /* PhotoViewerController.swift */ = {isa = PBXFileReference; lastKnownFileType = sourcecode.swift; path = PhotoViewerController.swift; sourceTree = "<group>"; };
		7C637F4621E87C890011AB87 /* PhotoExplorerController.swift */ = {isa = PBXFileReference; lastKnownFileType = sourcecode.swift; path = PhotoExplorerController.swift; sourceTree = "<group>"; };
/* End PBXFileReference section */

/* Begin PBXFrameworksBuildPhase section */
		7C5AE48D21DF59DE00D3B650 /* Frameworks */ = {
			isa = PBXFrameworksBuildPhase;
			buildActionMask = 2147483647;
			files = (
			);
			runOnlyForDeploymentPostprocessing = 0;
		};
/* End PBXFrameworksBuildPhase section */

/* Begin PBXGroup section */
		7C386B2721ECB17E007B6D84 /* Controllers */ = {
			isa = PBXGroup;
			children = (
				7C5AE4A521DF774B00D3B650 /* ApodController.swift */,
				7C5AE49521DF59DE00D3B650 /* MainViewController.swift */,
				7C35D1CE21E3CF490093D13A /* MarsRoverController.swift */,
				7C36B32521E6373E0060CD79 /* ManifestController.swift */,
				7C637F4621E87C890011AB87 /* PhotoExplorerController.swift */,
				7C5B1AF221EE601700FA95D8 /* PhotoPageController.swift */,
				7C5B1AF421EE617000FA95D8 /* PhotoViewerController.swift */,
			);
			path = Controllers;
			sourceTree = "<group>";
		};
		7C386B2821ECB1C7007B6D84 /* Model */ = {
			isa = PBXGroup;
			children = (
				7C3727FA21E9E39B00482BC4 /* PhotoSeparator.swift */,
				7C35C75621E4E10C009663EB /* StaticImages.swift */,
				7C36B32721E661460060CD79 /* StaticProperties.swift */,
			);
			path = Model;
			sourceTree = "<group>";
		};
		7C386B2921ECB221007B6D84 /* Networking and Parsing */ = {
			isa = PBXGroup;
			children = (
				7C35886421E207FD00C08F0D /* JSONDownloader.swift */,
				7C35D1CA21E352B20093D13A /* NasaAPIClient.swift */,
				7C35D1CC21E36F0C0093D13A /* JSONParser.swift */,
				7C35C75221E4B6C8009663EB /* JSONStructures.swift */,
				7C35886621E23EEC00C08F0D /* SpaceCampError.swift */,
			);
			path = "Networking and Parsing";
			sourceTree = "<group>";
		};
		7C386B2A21ECB3C0007B6D84 /* Helpers */ = {
			isa = PBXGroup;
			children = (
				7C386B2521ECB100007B6D84 /* Extensions.swift */,
			);
			path = Helpers;
			sourceTree = "<group>";
		};
		7C386B2F21ED2385007B6D84 /* View */ = {
			isa = PBXGroup;
			children = (
				7C386B2D21ECF160007B6D84 /* PhotoCell.swift */,
			);
			path = View;
			sourceTree = "<group>";
		};
		7C5AE48721DF59DE00D3B650 = {
			isa = PBXGroup;
			children = (
				7C5AE49221DF59DE00D3B650 /* SpaceCamp */,
				7C5AE49121DF59DE00D3B650 /* Products */,
			);
			sourceTree = "<group>";
		};
		7C5AE49121DF59DE00D3B650 /* Products */ = {
			isa = PBXGroup;
			children = (
				7C5AE49021DF59DE00D3B650 /* SpaceCamp.app */,
			);
			name = Products;
			sourceTree = "<group>";
		};
		7C5AE49221DF59DE00D3B650 /* SpaceCamp */ = {
			isa = PBXGroup;
			children = (
				7C5AE49321DF59DE00D3B650 /* AppDelegate.swift */,
				7C386B2721ECB17E007B6D84 /* Controllers */,
				7C386B2921ECB221007B6D84 /* Networking and Parsing */,
				7C386B2821ECB1C7007B6D84 /* Model */,
				7C386B2F21ED2385007B6D84 /* View */,
				7C386B2A21ECB3C0007B6D84 /* Helpers */,
				7C5AE49721DF59DE00D3B650 /* Main.storyboard */,
				7C35C75421E4DD4C009663EB /* Assets.xcassets */,
				7C5AE49C21DF59DF00D3B650 /* LaunchScreen.storyboard */,
				7C5AE49F21DF59DF00D3B650 /* Info.plist */,
			);
			path = SpaceCamp;
			sourceTree = "<group>";
		};
/* End PBXGroup section */

/* Begin PBXNativeTarget section */
		7C5AE48F21DF59DE00D3B650 /* SpaceCamp */ = {
			isa = PBXNativeTarget;
			buildConfigurationList = 7C5AE4A221DF59DF00D3B650 /* Build configuration list for PBXNativeTarget "SpaceCamp" */;
			buildPhases = (
				7C5AE48C21DF59DE00D3B650 /* Sources */,
				7C5AE48D21DF59DE00D3B650 /* Frameworks */,
				7C5AE48E21DF59DE00D3B650 /* Resources */,
			);
			buildRules = (
			);
			dependencies = (
			);
			name = SpaceCamp;
			productName = SpaceCamp;
			productReference = 7C5AE49021DF59DE00D3B650 /* SpaceCamp.app */;
			productType = "com.apple.product-type.application";
		};
/* End PBXNativeTarget section */

/* Begin PBXProject section */
		7C5AE48821DF59DE00D3B650 /* Project object */ = {
			isa = PBXProject;
			attributes = {
				LastSwiftUpdateCheck = 1010;
				LastUpgradeCheck = 1010;
				ORGANIZATIONNAME = "Ali C";
				TargetAttributes = {
					7C5AE48F21DF59DE00D3B650 = {
						CreatedOnToolsVersion = 10.1;
					};
				};
			};
			buildConfigurationList = 7C5AE48B21DF59DE00D3B650 /* Build configuration list for PBXProject "SpaceCamp" */;
			compatibilityVersion = "Xcode 9.3";
			developmentRegion = en;
			hasScannedForEncodings = 0;
			knownRegions = (
				en,
				Base,
			);
			mainGroup = 7C5AE48721DF59DE00D3B650;
			productRefGroup = 7C5AE49121DF59DE00D3B650 /* Products */;
			projectDirPath = "";
			projectRoot = "";
			targets = (
				7C5AE48F21DF59DE00D3B650 /* SpaceCamp */,
			);
		};
/* End PBXProject section */

/* Begin PBXResourcesBuildPhase section */
		7C5AE48E21DF59DE00D3B650 /* Resources */ = {
			isa = PBXResourcesBuildPhase;
			buildActionMask = 2147483647;
			files = (
				7C5AE49E21DF59DF00D3B650 /* LaunchScreen.storyboard in Resources */,
				7C35C75521E4DD4C009663EB /* Assets.xcassets in Resources */,
				7C5AE49921DF59DE00D3B650 /* Main.storyboard in Resources */,
			);
			runOnlyForDeploymentPostprocessing = 0;
		};
/* End PBXResourcesBuildPhase section */

/* Begin PBXSourcesBuildPhase section */
		7C5AE48C21DF59DE00D3B650 /* Sources */ = {
			isa = PBXSourcesBuildPhase;
			buildActionMask = 2147483647;
			files = (
				7C35D1CB21E352B20093D13A /* NasaAPIClient.swift in Sources */,
				7C35C75721E4E10C009663EB /* StaticImages.swift in Sources */,
				7C35C75321E4B6C8009663EB /* JSONStructures.swift in Sources */,
				7C35D1CF21E3CF490093D13A /* MarsRoverController.swift in Sources */,
				7C386B2E21ECF160007B6D84 /* PhotoCell.swift in Sources */,
				7C35886721E23EEC00C08F0D /* SpaceCampError.swift in Sources */,
				7C637F4721E87C890011AB87 /* PhotoExplorerController.swift in Sources */,
				7C36B32621E6373E0060CD79 /* ManifestController.swift in Sources */,
				7C35D1CD21E36F0C0093D13A /* JSONParser.swift in Sources */,
				7C3727FB21E9E39B00482BC4 /* PhotoSeparator.swift in Sources */,
				7C35886521E207FD00C08F0D /* JSONDownloader.swift in Sources */,
				7C5B1AF321EE601700FA95D8 /* PhotoPageController.swift in Sources */,
				7C386B2621ECB100007B6D84 /* Extensions.swift in Sources */,
				7C5AE49621DF59DE00D3B650 /* MainViewController.swift in Sources */,
				7C5B1AF521EE617000FA95D8 /* PhotoViewerController.swift in Sources */,
				7C5AE49421DF59DE00D3B650 /* AppDelegate.swift in Sources */,
				7C36B32821E661460060CD79 /* StaticProperties.swift in Sources */,
				7C5AE4A621DF774B00D3B650 /* ApodController.swift in Sources */,
			);
			runOnlyForDeploymentPostprocessing = 0;
		};
/* End PBXSourcesBuildPhase section */

/* Begin PBXVariantGroup section */
		7C5AE49721DF59DE00D3B650 /* Main.storyboard */ = {
			isa = PBXVariantGroup;
			children = (
				7C5AE49821DF59DE00D3B650 /* Base */,
			);
			name = Main.storyboard;
			sourceTree = "<group>";
		};
		7C5AE49C21DF59DF00D3B650 /* LaunchScreen.storyboard */ = {
			isa = PBXVariantGroup;
			children = (
				7C5AE49D21DF59DF00D3B650 /* Base */,
			);
			name = LaunchScreen.storyboard;
			sourceTree = "<group>";
		};
/* End PBXVariantGroup section */

/* Begin XCBuildConfiguration section */
		7C5AE4A021DF59DF00D3B650 /* Debug */ = {
			isa = XCBuildConfiguration;
			buildSettings = {
				ALWAYS_SEARCH_USER_PATHS = NO;
				CLANG_ANALYZER_NONNULL = YES;
				CLANG_ANALYZER_NUMBER_OBJECT_CONVERSION = YES_AGGRESSIVE;
				CLANG_CXX_LANGUAGE_STANDARD = "gnu++14";
				CLANG_CXX_LIBRARY = "libc++";
				CLANG_ENABLE_MODULES = YES;
				CLANG_ENABLE_OBJC_ARC = YES;
				CLANG_ENABLE_OBJC_WEAK = YES;
				CLANG_WARN_BLOCK_CAPTURE_AUTORELEASING = YES;
				CLANG_WARN_BOOL_CONVERSION = YES;
				CLANG_WARN_COMMA = YES;
				CLANG_WARN_CONSTANT_CONVERSION = YES;
				CLANG_WARN_DEPRECATED_OBJC_IMPLEMENTATIONS = YES;
				CLANG_WARN_DIRECT_OBJC_ISA_USAGE = YES_ERROR;
				CLANG_WARN_DOCUMENTATION_COMMENTS = YES;
				CLANG_WARN_EMPTY_BODY = YES;
				CLANG_WARN_ENUM_CONVERSION = YES;
				CLANG_WARN_INFINITE_RECURSION = YES;
				CLANG_WARN_INT_CONVERSION = YES;
				CLANG_WARN_NON_LITERAL_NULL_CONVERSION = YES;
				CLANG_WARN_OBJC_IMPLICIT_RETAIN_SELF = YES;
				CLANG_WARN_OBJC_LITERAL_CONVERSION = YES;
				CLANG_WARN_OBJC_ROOT_CLASS = YES_ERROR;
				CLANG_WARN_RANGE_LOOP_ANALYSIS = YES;
				CLANG_WARN_STRICT_PROTOTYPES = YES;
				CLANG_WARN_SUSPICIOUS_MOVE = YES;
				CLANG_WARN_UNGUARDED_AVAILABILITY = YES_AGGRESSIVE;
				CLANG_WARN_UNREACHABLE_CODE = YES;
				CLANG_WARN__DUPLICATE_METHOD_MATCH = YES;
				CODE_SIGN_IDENTITY = "iPhone Developer";
				COPY_PHASE_STRIP = NO;
				DEBUG_INFORMATION_FORMAT = dwarf;
				ENABLE_STRICT_OBJC_MSGSEND = YES;
				ENABLE_TESTABILITY = YES;
				GCC_C_LANGUAGE_STANDARD = gnu11;
				GCC_DYNAMIC_NO_PIC = NO;
				GCC_NO_COMMON_BLOCKS = YES;
				GCC_OPTIMIZATION_LEVEL = 0;
				GCC_PREPROCESSOR_DEFINITIONS = (
					"DEBUG=1",
					"$(inherited)",
				);
				GCC_WARN_64_TO_32_BIT_CONVERSION = YES;
				GCC_WARN_ABOUT_RETURN_TYPE = YES_ERROR;
				GCC_WARN_UNDECLARED_SELECTOR = YES;
				GCC_WARN_UNINITIALIZED_AUTOS = YES_AGGRESSIVE;
				GCC_WARN_UNUSED_FUNCTION = YES;
				GCC_WARN_UNUSED_VARIABLE = YES;
				IPHONEOS_DEPLOYMENT_TARGET = 12.1;
				MTL_ENABLE_DEBUG_INFO = INCLUDE_SOURCE;
				MTL_FAST_MATH = YES;
				ONLY_ACTIVE_ARCH = YES;
				SDKROOT = iphoneos;
				SWIFT_ACTIVE_COMPILATION_CONDITIONS = DEBUG;
				SWIFT_OPTIMIZATION_LEVEL = "-Onone";
			};
			name = Debug;
		};
		7C5AE4A121DF59DF00D3B650 /* Release */ = {
			isa = XCBuildConfiguration;
			buildSettings = {
				ALWAYS_SEARCH_USER_PATHS = NO;
				CLANG_ANALYZER_NONNULL = YES;
				CLANG_ANALYZER_NUMBER_OBJECT_CONVERSION = YES_AGGRESSIVE;
				CLANG_CXX_LANGUAGE_STANDARD = "gnu++14";
				CLANG_CXX_LIBRARY = "libc++";
				CLANG_ENABLE_MODULES = YES;
				CLANG_ENABLE_OBJC_ARC = YES;
				CLANG_ENABLE_OBJC_WEAK = YES;
				CLANG_WARN_BLOCK_CAPTURE_AUTORELEASING = YES;
				CLANG_WARN_BOOL_CONVERSION = YES;
				CLANG_WARN_COMMA = YES;
				CLANG_WARN_CONSTANT_CONVERSION = YES;
				CLANG_WARN_DEPRECATED_OBJC_IMPLEMENTATIONS = YES;
				CLANG_WARN_DIRECT_OBJC_ISA_USAGE = YES_ERROR;
				CLANG_WARN_DOCUMENTATION_COMMENTS = YES;
				CLANG_WARN_EMPTY_BODY = YES;
				CLANG_WARN_ENUM_CONVERSION = YES;
				CLANG_WARN_INFINITE_RECURSION = YES;
				CLANG_WARN_INT_CONVERSION = YES;
				CLANG_WARN_NON_LITERAL_NULL_CONVERSION = YES;
				CLANG_WARN_OBJC_IMPLICIT_RETAIN_SELF = YES;
				CLANG_WARN_OBJC_LITERAL_CONVERSION = YES;
				CLANG_WARN_OBJC_ROOT_CLASS = YES_ERROR;
				CLANG_WARN_RANGE_LOOP_ANALYSIS = YES;
				CLANG_WARN_STRICT_PROTOTYPES = YES;
				CLANG_WARN_SUSPICIOUS_MOVE = YES;
				CLANG_WARN_UNGUARDED_AVAILABILITY = YES_AGGRESSIVE;
				CLANG_WARN_UNREACHABLE_CODE = YES;
				CLANG_WARN__DUPLICATE_METHOD_MATCH = YES;
				CODE_SIGN_IDENTITY = "iPhone Developer";
				COPY_PHASE_STRIP = NO;
				DEBUG_INFORMATION_FORMAT = "dwarf-with-dsym";
				ENABLE_NS_ASSERTIONS = NO;
				ENABLE_STRICT_OBJC_MSGSEND = YES;
				GCC_C_LANGUAGE_STANDARD = gnu11;
				GCC_NO_COMMON_BLOCKS = YES;
				GCC_WARN_64_TO_32_BIT_CONVERSION = YES;
				GCC_WARN_ABOUT_RETURN_TYPE = YES_ERROR;
				GCC_WARN_UNDECLARED_SELECTOR = YES;
				GCC_WARN_UNINITIALIZED_AUTOS = YES_AGGRESSIVE;
				GCC_WARN_UNUSED_FUNCTION = YES;
				GCC_WARN_UNUSED_VARIABLE = YES;
				IPHONEOS_DEPLOYMENT_TARGET = 12.1;
				MTL_ENABLE_DEBUG_INFO = NO;
				MTL_FAST_MATH = YES;
				SDKROOT = iphoneos;
				SWIFT_COMPILATION_MODE = wholemodule;
				SWIFT_OPTIMIZATION_LEVEL = "-O";
				VALIDATE_PRODUCT = YES;
			};
			name = Release;
		};
		7C5AE4A321DF59DF00D3B650 /* Debug */ = {
			isa = XCBuildConfiguration;
			buildSettings = {
				ASSETCATALOG_COMPILER_APPICON_NAME = AppIcon;
				CODE_SIGN_STYLE = Automatic;
				DEVELOPMENT_TEAM = CPZ6V3E8L9;
				INFOPLIST_FILE = SpaceCamp/Info.plist;
				LD_RUNPATH_SEARCH_PATHS = (
					"$(inherited)",
					"@executable_path/Frameworks",
				);
				PRODUCT_BUNDLE_IDENTIFIER = SpaceCamp.V1;
				PRODUCT_NAME = "$(TARGET_NAME)";
				SWIFT_VERSION = 4.2;
				TARGETED_DEVICE_FAMILY = "1,2";
			};
			name = Debug;
		};
		7C5AE4A421DF59DF00D3B650 /* Release */ = {
			isa = XCBuildConfiguration;
			buildSettings = {
				ASSETCATALOG_COMPILER_APPICON_NAME = AppIcon;
				CODE_SIGN_STYLE = Automatic;
				DEVELOPMENT_TEAM = CPZ6V3E8L9;
				INFOPLIST_FILE = SpaceCamp/Info.plist;
				LD_RUNPATH_SEARCH_PATHS = (
					"$(inherited)",
					"@executable_path/Frameworks",
				);
				PRODUCT_BUNDLE_IDENTIFIER = SpaceCamp.V1;
				PRODUCT_NAME = "$(TARGET_NAME)";
				SWIFT_VERSION = 4.2;
				TARGETED_DEVICE_FAMILY = "1,2";
			};
			name = Release;
		};
/* End XCBuildConfiguration section */

/* Begin XCConfigurationList section */
		7C5AE48B21DF59DE00D3B650 /* Build configuration list for PBXProject "SpaceCamp" */ = {
			isa = XCConfigurationList;
			buildConfigurations = (
				7C5AE4A021DF59DF00D3B650 /* Debug */,
				7C5AE4A121DF59DF00D3B650 /* Release */,
			);
			defaultConfigurationIsVisible = 0;
			defaultConfigurationName = Release;
		};
		7C5AE4A221DF59DF00D3B650 /* Build configuration list for PBXNativeTarget "SpaceCamp" */ = {
			isa = XCConfigurationList;
			buildConfigurations = (
				7C5AE4A321DF59DF00D3B650 /* Debug */,
				7C5AE4A421DF59DF00D3B650 /* Release */,
			);
			defaultConfigurationIsVisible = 0;
			defaultConfigurationName = Release;
		};
/* End XCConfigurationList section */
	};
	rootObject = 7C5AE48821DF59DE00D3B650 /* Project object */;
}
